// !$*UTF8*$!
{
	archiveVersion = 1;
	classes = {
	};
	objectVersion = 50;
	objects = {

/* Begin PBXBuildFile section */
		613B57A72295D1580062CD5A /* MapViewController.swift in Sources */ = {isa = PBXBuildFile; fileRef = 613B57A62295D1580062CD5A /* MapViewController.swift */; };
		613B57A922966B580062CD5A /* GridCell.swift in Sources */ = {isa = PBXBuildFile; fileRef = 613B57A822966B580062CD5A /* GridCell.swift */; };
		613B57C922977A7D0062CD5A /* DetailCollectionViewCell.swift in Sources */ = {isa = PBXBuildFile; fileRef = 613B57C822977A7D0062CD5A /* DetailCollectionViewCell.swift */; };
		6194AA452295164B00C4760B /* AppDelegate.swift in Sources */ = {isa = PBXBuildFile; fileRef = 6194AA442295164B00C4760B /* AppDelegate.swift */; };
		6194AA472295164B00C4760B /* MainViewController.swift in Sources */ = {isa = PBXBuildFile; fileRef = 6194AA462295164B00C4760B /* MainViewController.swift */; };
		6194AA4A2295164B00C4760B /* Main.storyboard in Resources */ = {isa = PBXBuildFile; fileRef = 6194AA482295164B00C4760B /* Main.storyboard */; };
		6194AA4F2295164D00C4760B /* LaunchScreen.storyboard in Resources */ = {isa = PBXBuildFile; fileRef = 6194AA4D2295164D00C4760B /* LaunchScreen.storyboard */; };
		6194AA5822951CE300C4760B /* FlexibleLayout.swift in Sources */ = {isa = PBXBuildFile; fileRef = 6194AA5722951CE300C4760B /* FlexibleLayout.swift */; };
		6194AA5B22951D2000C4760B /* Cafe.swift in Sources */ = {isa = PBXBuildFile; fileRef = 6194AA5A22951D2000C4760B /* Cafe.swift */; };
		6194AA5D22951D3100C4760B /* CafeManager.swift in Sources */ = {isa = PBXBuildFile; fileRef = 6194AA5C22951D3100C4760B /* CafeManager.swift */; };
		6194AA5F22951D8A00C4760B /* MainTabBarController.swift in Sources */ = {isa = PBXBuildFile; fileRef = 6194AA5E22951D8A00C4760B /* MainTabBarController.swift */; };
		6194AA6322951DD500C4760B /* MainCollectionViewCell.swift in Sources */ = {isa = PBXBuildFile; fileRef = 6194AA6222951DD500C4760B /* MainCollectionViewCell.swift */; };
		6194AA67229526F800C4760B /* FavoriteViewController.swift in Sources */ = {isa = PBXBuildFile; fileRef = 6194AA66229526F800C4760B /* FavoriteViewController.swift */; };
		6194AA6922952A2E00C4760B /* FavoriteTableViewCell.swift in Sources */ = {isa = PBXBuildFile; fileRef = 6194AA6822952A2E00C4760B /* FavoriteTableViewCell.swift */; };
		6194AA6B22952A8200C4760B /* favorite.swift in Sources */ = {isa = PBXBuildFile; fileRef = 6194AA6A22952A8200C4760B /* favorite.swift */; };
		6194AA6D22952B3E00C4760B /* favoriteModel.swift in Sources */ = {isa = PBXBuildFile; fileRef = 6194AA6C22952B3E00C4760B /* favoriteModel.swift */; };
		6194AA6F22952BAF00C4760B /* AppImageData.swift in Sources */ = {isa = PBXBuildFile; fileRef = 6194AA6E22952BAF00C4760B /* AppImageData.swift */; };
		6194AA712295637300C4760B /* Assets 20-00-46-941.xcassets in Resources */ = {isa = PBXBuildFile; fileRef = 6194AA702295637200C4760B /* Assets 20-00-46-941.xcassets */; };
		6194AA772295B14F00C4760B /* DetailViewController.swift in Sources */ = {isa = PBXBuildFile; fileRef = 6194AA762295B14F00C4760B /* DetailViewController.swift */; };
/* End PBXBuildFile section */

/* Begin PBXFileReference section */
		613B57A62295D1580062CD5A /* MapViewController.swift */ = {isa = PBXFileReference; lastKnownFileType = sourcecode.swift; path = MapViewController.swift; sourceTree = "<group>"; };
		613B57A822966B580062CD5A /* GridCell.swift */ = {isa = PBXFileReference; lastKnownFileType = sourcecode.swift; path = GridCell.swift; sourceTree = "<group>"; };
		613B57C822977A7D0062CD5A /* DetailCollectionViewCell.swift */ = {isa = PBXFileReference; lastKnownFileType = sourcecode.swift; path = DetailCollectionViewCell.swift; sourceTree = "<group>"; };
		6194AA412295164B00C4760B /* SungsuHotPlace.app */ = {isa = PBXFileReference; explicitFileType = wrapper.application; includeInIndex = 0; path = SungsuHotPlace.app; sourceTree = BUILT_PRODUCTS_DIR; };
		6194AA442295164B00C4760B /* AppDelegate.swift */ = {isa = PBXFileReference; lastKnownFileType = sourcecode.swift; path = AppDelegate.swift; sourceTree = "<group>"; };
		6194AA462295164B00C4760B /* MainViewController.swift */ = {isa = PBXFileReference; lastKnownFileType = sourcecode.swift; path = MainViewController.swift; sourceTree = "<group>"; };
		6194AA492295164B00C4760B /* Base */ = {isa = PBXFileReference; lastKnownFileType = file.storyboard; name = Base; path = Base.lproj/Main.storyboard; sourceTree = "<group>"; };
		6194AA4E2295164D00C4760B /* Base */ = {isa = PBXFileReference; lastKnownFileType = file.storyboard; name = Base; path = Base.lproj/LaunchScreen.storyboard; sourceTree = "<group>"; };
		6194AA502295164D00C4760B /* Info.plist */ = {isa = PBXFileReference; lastKnownFileType = text.plist.xml; path = Info.plist; sourceTree = "<group>"; };
		6194AA5722951CE300C4760B /* FlexibleLayout.swift */ = {isa = PBXFileReference; lastKnownFileType = sourcecode.swift; path = FlexibleLayout.swift; sourceTree = "<group>"; };
		6194AA5A22951D2000C4760B /* Cafe.swift */ = {isa = PBXFileReference; lastKnownFileType = sourcecode.swift; path = Cafe.swift; sourceTree = "<group>"; };
		6194AA5C22951D3100C4760B /* CafeManager.swift */ = {isa = PBXFileReference; lastKnownFileType = sourcecode.swift; path = CafeManager.swift; sourceTree = "<group>"; };
		6194AA5E22951D8A00C4760B /* MainTabBarController.swift */ = {isa = PBXFileReference; lastKnownFileType = sourcecode.swift; path = MainTabBarController.swift; sourceTree = "<group>"; };
		6194AA6222951DD500C4760B /* MainCollectionViewCell.swift */ = {isa = PBXFileReference; lastKnownFileType = sourcecode.swift; path = MainCollectionViewCell.swift; sourceTree = "<group>"; };
		6194AA66229526F800C4760B /* FavoriteViewController.swift */ = {isa = PBXFileReference; lastKnownFileType = sourcecode.swift; path = FavoriteViewController.swift; sourceTree = "<group>"; };
		6194AA6822952A2E00C4760B /* FavoriteTableViewCell.swift */ = {isa = PBXFileReference; lastKnownFileType = sourcecode.swift; path = FavoriteTableViewCell.swift; sourceTree = "<group>"; };
		6194AA6A22952A8200C4760B /* favorite.swift */ = {isa = PBXFileReference; lastKnownFileType = sourcecode.swift; path = favorite.swift; sourceTree = "<group>"; };
		6194AA6C22952B3E00C4760B /* favoriteModel.swift */ = {isa = PBXFileReference; lastKnownFileType = sourcecode.swift; path = favoriteModel.swift; sourceTree = "<group>"; };
		6194AA6E22952BAF00C4760B /* AppImageData.swift */ = {isa = PBXFileReference; lastKnownFileType = sourcecode.swift; path = AppImageData.swift; sourceTree = "<group>"; };
		6194AA702295637200C4760B /* Assets 20-00-46-941.xcassets */ = {isa = PBXFileReference; lastKnownFileType = folder.assetcatalog; path = "Assets 20-00-46-941.xcassets"; sourceTree = "<group>"; };
		6194AA762295B14F00C4760B /* DetailViewController.swift */ = {isa = PBXFileReference; fileEncoding = 4; lastKnownFileType = sourcecode.swift; path = DetailViewController.swift; sourceTree = "<group>"; };
/* End PBXFileReference section */

/* Begin PBXFrameworksBuildPhase section */
		6194AA3E2295164B00C4760B /* Frameworks */ = {
			isa = PBXFrameworksBuildPhase;
			buildActionMask = 2147483647;
			files = (
			);
			runOnlyForDeploymentPostprocessing = 0;
		};
/* End PBXFrameworksBuildPhase section */

/* Begin PBXGroup section */
		6194AA382295164B00C4760B = {
			isa = PBXGroup;
			children = (
				6194AA432295164B00C4760B /* SungsuHotPlace */,
				6194AA422295164B00C4760B /* Products */,
			);
			sourceTree = "<group>";
		};
		6194AA422295164B00C4760B /* Products */ = {
			isa = PBXGroup;
			children = (
				6194AA412295164B00C4760B /* SungsuHotPlace.app */,
			);
			name = Products;
			sourceTree = "<group>";
		};
		6194AA432295164B00C4760B /* SungsuHotPlace */ = {
			isa = PBXGroup;
			children = (
				6194AA6122951D9600C4760B /* Controller */,
				6194AA6022951D9200C4760B /* View */,
				6194AA5922951D1500C4760B /* Model */,
				6194AA5622951CD000C4760B /* Layouts */,
				6194AA442295164B00C4760B /* AppDelegate.swift */,
				6194AA482295164B00C4760B /* Main.storyboard */,
				6194AA4D2295164D00C4760B /* LaunchScreen.storyboard */,
				6194AA702295637200C4760B /* Assets 20-00-46-941.xcassets */,
				6194AA502295164D00C4760B /* Info.plist */,
			);
			path = SungsuHotPlace;
			sourceTree = "<group>";
		};
		6194AA5622951CD000C4760B /* Layouts */ = {
			isa = PBXGroup;
			children = (
				6194AA5722951CE300C4760B /* FlexibleLayout.swift */,
			);
			path = Layouts;
			sourceTree = "<group>";
		};
		6194AA5922951D1500C4760B /* Model */ = {
			isa = PBXGroup;
			children = (
				6194AA5A22951D2000C4760B /* Cafe.swift */,
				6194AA5C22951D3100C4760B /* CafeManager.swift */,
				6194AA6A22952A8200C4760B /* favorite.swift */,
				6194AA6C22952B3E00C4760B /* favoriteModel.swift */,
				6194AA6E22952BAF00C4760B /* AppImageData.swift */,
			);
			path = Model;
			sourceTree = "<group>";
		};
		6194AA6022951D9200C4760B /* View */ = {
			isa = PBXGroup;
			children = (
				6194AA6222951DD500C4760B /* MainCollectionViewCell.swift */,
				613B57A822966B580062CD5A /* GridCell.swift */,
				6194AA6822952A2E00C4760B /* FavoriteTableViewCell.swift */,
				613B57C822977A7D0062CD5A /* DetailCollectionViewCell.swift */,
			);
			path = View;
			sourceTree = "<group>";
		};
		6194AA6122951D9600C4760B /* Controller */ = {
			isa = PBXGroup;
			children = (
				6194AA5E22951D8A00C4760B /* MainTabBarController.swift */,
				6194AA462295164B00C4760B /* MainViewController.swift */,
				6194AA66229526F800C4760B /* FavoriteViewController.swift */,
				6194AA762295B14F00C4760B /* DetailViewController.swift */,
				613B57A62295D1580062CD5A /* MapViewController.swift */,
			);
			path = Controller;
			sourceTree = "<group>";
		};
/* End PBXGroup section */

/* Begin PBXNativeTarget section */
		6194AA402295164B00C4760B /* SungsuHotPlace */ = {
			isa = PBXNativeTarget;
			buildConfigurationList = 6194AA532295164D00C4760B /* Build configuration list for PBXNativeTarget "SungsuHotPlace" */;
			buildPhases = (
				6194AA3D2295164B00C4760B /* Sources */,
				6194AA3E2295164B00C4760B /* Frameworks */,
				6194AA3F2295164B00C4760B /* Resources */,
			);
			buildRules = (
			);
			dependencies = (
			);
			name = SungsuHotPlace;
			productName = SungsuHotPlace;
			productReference = 6194AA412295164B00C4760B /* SungsuHotPlace.app */;
			productType = "com.apple.product-type.application";
		};
/* End PBXNativeTarget section */

/* Begin PBXProject section */
		6194AA392295164B00C4760B /* Project object */ = {
			isa = PBXProject;
			attributes = {
				LastSwiftUpdateCheck = 1020;
				LastUpgradeCheck = 1020;
				ORGANIZATIONNAME = pino;
				TargetAttributes = {
					6194AA402295164B00C4760B = {
						CreatedOnToolsVersion = 10.2.1;
					};
				};
			};
			buildConfigurationList = 6194AA3C2295164B00C4760B /* Build configuration list for PBXProject "SungsuHotPlace" */;
			compatibilityVersion = "Xcode 9.3";
			developmentRegion = en;
			hasScannedForEncodings = 0;
			knownRegions = (
				en,
				Base,
			);
			mainGroup = 6194AA382295164B00C4760B;
			productRefGroup = 6194AA422295164B00C4760B /* Products */;
			projectDirPath = "";
			projectRoot = "";
			targets = (
				6194AA402295164B00C4760B /* SungsuHotPlace */,
			);
		};
/* End PBXProject section */

/* Begin PBXResourcesBuildPhase section */
		6194AA3F2295164B00C4760B /* Resources */ = {
			isa = PBXResourcesBuildPhase;
			buildActionMask = 2147483647;
			files = (
				6194AA4F2295164D00C4760B /* LaunchScreen.storyboard in Resources */,
				6194AA4A2295164B00C4760B /* Main.storyboard in Resources */,
				6194AA712295637300C4760B /* Assets 20-00-46-941.xcassets in Resources */,
			);
			runOnlyForDeploymentPostprocessing = 0;
		};
/* End PBXResourcesBuildPhase section */

/* Begin PBXSourcesBuildPhase section */
		6194AA3D2295164B00C4760B /* Sources */ = {
			isa = PBXSourcesBuildPhase;
			buildActionMask = 2147483647;
			files = (
				6194AA772295B14F00C4760B /* DetailViewController.swift in Sources */,
				6194AA6322951DD500C4760B /* MainCollectionViewCell.swift in Sources */,
				6194AA5D22951D3100C4760B /* CafeManager.swift in Sources */,
				613B57C922977A7D0062CD5A /* DetailCollectionViewCell.swift in Sources */,
				6194AA472295164B00C4760B /* MainViewController.swift in Sources */,
				6194AA5F22951D8A00C4760B /* MainTabBarController.swift in Sources */,
				6194AA6922952A2E00C4760B /* FavoriteTableViewCell.swift in Sources */,
				6194AA5822951CE300C4760B /* FlexibleLayout.swift in Sources */,
				6194AA452295164B00C4760B /* AppDelegate.swift in Sources */,
				6194AA67229526F800C4760B /* FavoriteViewController.swift in Sources */,
				6194AA5B22951D2000C4760B /* Cafe.swift in Sources */,
				6194AA6B22952A8200C4760B /* favorite.swift in Sources */,
				6194AA6D22952B3E00C4760B /* favoriteModel.swift in Sources */,
				6194AA6F22952BAF00C4760B /* AppImageData.swift in Sources */,
				613B57A72295D1580062CD5A /* MapViewController.swift in Sources */,
				613B57A922966B580062CD5A /* GridCell.swift in Sources */,
			);
			runOnlyForDeploymentPostprocessing = 0;
		};
/* End PBXSourcesBuildPhase section */

/* Begin PBXVariantGroup section */
		6194AA482295164B00C4760B /* Main.storyboard */ = {
			isa = PBXVariantGroup;
			children = (
				6194AA492295164B00C4760B /* Base */,
			);
			name = Main.storyboard;
			sourceTree = "<group>";
		};
		6194AA4D2295164D00C4760B /* LaunchScreen.storyboard */ = {
			isa = PBXVariantGroup;
			children = (
				6194AA4E2295164D00C4760B /* Base */,
			);
			name = LaunchScreen.storyboard;
			sourceTree = "<group>";
		};
/* End PBXVariantGroup section */

/* Begin XCBuildConfiguration section */
		6194AA512295164D00C4760B /* Debug */ = {
			isa = XCBuildConfiguration;
			buildSettings = {
				ALWAYS_SEARCH_USER_PATHS = NO;
				CLANG_ANALYZER_NONNULL = YES;
				CLANG_ANALYZER_NUMBER_OBJECT_CONVERSION = YES_AGGRESSIVE;
				CLANG_CXX_LANGUAGE_STANDARD = "gnu++14";
				CLANG_CXX_LIBRARY = "libc++";
				CLANG_ENABLE_MODULES = YES;
				CLANG_ENABLE_OBJC_ARC = YES;
				CLANG_ENABLE_OBJC_WEAK = YES;
				CLANG_WARN_BLOCK_CAPTURE_AUTORELEASING = YES;
				CLANG_WARN_BOOL_CONVERSION = YES;
				CLANG_WARN_COMMA = YES;
				CLANG_WARN_CONSTANT_CONVERSION = YES;
				CLANG_WARN_DEPRECATED_OBJC_IMPLEMENTATIONS = YES;
				CLANG_WARN_DIRECT_OBJC_ISA_USAGE = YES_ERROR;
				CLANG_WARN_DOCUMENTATION_COMMENTS = YES;
				CLANG_WARN_EMPTY_BODY = YES;
				CLANG_WARN_ENUM_CONVERSION = YES;
				CLANG_WARN_INFINITE_RECURSION = YES;
				CLANG_WARN_INT_CONVERSION = YES;
				CLANG_WARN_NON_LITERAL_NULL_CONVERSION = YES;
				CLANG_WARN_OBJC_IMPLICIT_RETAIN_SELF = YES;
				CLANG_WARN_OBJC_LITERAL_CONVERSION = YES;
				CLANG_WARN_OBJC_ROOT_CLASS = YES_ERROR;
				CLANG_WARN_RANGE_LOOP_ANALYSIS = YES;
				CLANG_WARN_STRICT_PROTOTYPES = YES;
				CLANG_WARN_SUSPICIOUS_MOVE = YES;
				CLANG_WARN_UNGUARDED_AVAILABILITY = YES_AGGRESSIVE;
				CLANG_WARN_UNREACHABLE_CODE = YES;
				CLANG_WARN__DUPLICATE_METHOD_MATCH = YES;
				CODE_SIGN_IDENTITY = "iPhone Developer";
				COPY_PHASE_STRIP = NO;
				DEBUG_INFORMATION_FORMAT = dwarf;
				ENABLE_STRICT_OBJC_MSGSEND = YES;
				ENABLE_TESTABILITY = YES;
				GCC_C_LANGUAGE_STANDARD = gnu11;
				GCC_DYNAMIC_NO_PIC = NO;
				GCC_NO_COMMON_BLOCKS = YES;
				GCC_OPTIMIZATION_LEVEL = 0;
				GCC_PREPROCESSOR_DEFINITIONS = (
					"DEBUG=1",
					"$(inherited)",
				);
				GCC_WARN_64_TO_32_BIT_CONVERSION = YES;
				GCC_WARN_ABOUT_RETURN_TYPE = YES_ERROR;
				GCC_WARN_UNDECLARED_SELECTOR = YES;
				GCC_WARN_UNINITIALIZED_AUTOS = YES_AGGRESSIVE;
				GCC_WARN_UNUSED_FUNCTION = YES;
				GCC_WARN_UNUSED_VARIABLE = YES;
				IPHONEOS_DEPLOYMENT_TARGET = 12.2;
				MTL_ENABLE_DEBUG_INFO = INCLUDE_SOURCE;
				MTL_FAST_MATH = YES;
				ONLY_ACTIVE_ARCH = YES;
				SDKROOT = iphoneos;
				SWIFT_ACTIVE_COMPILATION_CONDITIONS = DEBUG;
				SWIFT_OPTIMIZATION_LEVEL = "-Onone";
			};
			name = Debug;
		};
		6194AA522295164D00C4760B /* Release */ = {
			isa = XCBuildConfiguration;
			buildSettings = {
				ALWAYS_SEARCH_USER_PATHS = NO;
				CLANG_ANALYZER_NONNULL = YES;
				CLANG_ANALYZER_NUMBER_OBJECT_CONVERSION = YES_AGGRESSIVE;
				CLANG_CXX_LANGUAGE_STANDARD = "gnu++14";
				CLANG_CXX_LIBRARY = "libc++";
				CLANG_ENABLE_MODULES = YES;
				CLANG_ENABLE_OBJC_ARC = YES;
				CLANG_ENABLE_OBJC_WEAK = YES;
				CLANG_WARN_BLOCK_CAPTURE_AUTORELEASING = YES;
				CLANG_WARN_BOOL_CONVERSION = YES;
				CLANG_WARN_COMMA = YES;
				CLANG_WARN_CONSTANT_CONVERSION = YES;
				CLANG_WARN_DEPRECATED_OBJC_IMPLEMENTATIONS = YES;
				CLANG_WARN_DIRECT_OBJC_ISA_USAGE = YES_ERROR;
				CLANG_WARN_DOCUMENTATION_COMMENTS = YES;
				CLANG_WARN_EMPTY_BODY = YES;
				CLANG_WARN_ENUM_CONVERSION = YES;
				CLANG_WARN_INFINITE_RECURSION = YES;
				CLANG_WARN_INT_CONVERSION = YES;
				CLANG_WARN_NON_LITERAL_NULL_CONVERSION = YES;
				CLANG_WARN_OBJC_IMPLICIT_RETAIN_SELF = YES;
				CLANG_WARN_OBJC_LITERAL_CONVERSION = YES;
				CLANG_WARN_OBJC_ROOT_CLASS = YES_ERROR;
				CLANG_WARN_RANGE_LOOP_ANALYSIS = YES;
				CLANG_WARN_STRICT_PROTOTYPES = YES;
				CLANG_WARN_SUSPICIOUS_MOVE = YES;
				CLANG_WARN_UNGUARDED_AVAILABILITY = YES_AGGRESSIVE;
				CLANG_WARN_UNREACHABLE_CODE = YES;
				CLANG_WARN__DUPLICATE_METHOD_MATCH = YES;
				CODE_SIGN_IDENTITY = "iPhone Developer";
				COPY_PHASE_STRIP = NO;
				DEBUG_INFORMATION_FORMAT = "dwarf-with-dsym";
				ENABLE_NS_ASSERTIONS = NO;
				ENABLE_STRICT_OBJC_MSGSEND = YES;
				GCC_C_LANGUAGE_STANDARD = gnu11;
				GCC_NO_COMMON_BLOCKS = YES;
				GCC_WARN_64_TO_32_BIT_CONVERSION = YES;
				GCC_WARN_ABOUT_RETURN_TYPE = YES_ERROR;
				GCC_WARN_UNDECLARED_SELECTOR = YES;
				GCC_WARN_UNINITIALIZED_AUTOS = YES_AGGRESSIVE;
				GCC_WARN_UNUSED_FUNCTION = YES;
				GCC_WARN_UNUSED_VARIABLE = YES;
				IPHONEOS_DEPLOYMENT_TARGET = 12.2;
				MTL_ENABLE_DEBUG_INFO = NO;
				MTL_FAST_MATH = YES;
				SDKROOT = iphoneos;
				SWIFT_COMPILATION_MODE = wholemodule;
				SWIFT_OPTIMIZATION_LEVEL = "-O";
				VALIDATE_PRODUCT = YES;
			};
			name = Release;
		};
		6194AA542295164D00C4760B /* Debug */ = {
			isa = XCBuildConfiguration;
			buildSettings = {
				ASSETCATALOG_COMPILER_APPICON_NAME = AppIcon;
				CODE_SIGN_STYLE = Automatic;
				DEVELOPMENT_TEAM = 7F7W8C3A76;
				INFOPLIST_FILE = SungsuHotPlace/Info.plist;
				LD_RUNPATH_SEARCH_PATHS = (
					"$(inherited)",
					"@executable_path/Frameworks",
				);
				PRODUCT_BUNDLE_IDENTIFIER = io.github.92pino;
				PRODUCT_NAME = "$(TARGET_NAME)";
				SWIFT_VERSION = 5.0;
				TARGETED_DEVICE_FAMILY = "1,2";
			};
			name = Debug;
		};
		6194AA552295164D00C4760B /* Release */ = {
			isa = XCBuildConfiguration;
			buildSettings = {
				ASSETCATALOG_COMPILER_APPICON_NAME = AppIcon;
				CODE_SIGN_STYLE = Automatic;
				DEVELOPMENT_TEAM = 7F7W8C3A76;
				INFOPLIST_FILE = SungsuHotPlace/Info.plist;
				LD_RUNPATH_SEARCH_PATHS = (
					"$(inherited)",
					"@executable_path/Frameworks",
				);
				PRODUCT_BUNDLE_IDENTIFIER = io.github.92pino;
				PRODUCT_NAME = "$(TARGET_NAME)";
				SWIFT_VERSION = 5.0;
				TARGETED_DEVICE_FAMILY = "1,2";
			};
			name = Release;
		};
/* End XCBuildConfiguration section */

/* Begin XCConfigurationList section */
		6194AA3C2295164B00C4760B /* Build configuration list for PBXProject "SungsuHotPlace" */ = {
			isa = XCConfigurationList;
			buildConfigurations = (
				6194AA512295164D00C4760B /* Debug */,
				6194AA522295164D00C4760B /* Release */,
			);
			defaultConfigurationIsVisible = 0;
			defaultConfigurationName = Release;
		};
		6194AA532295164D00C4760B /* Build configuration list for PBXNativeTarget "SungsuHotPlace" */ = {
			isa = XCConfigurationList;
			buildConfigurations = (
				6194AA542295164D00C4760B /* Debug */,
				6194AA552295164D00C4760B /* Release */,
			);
			defaultConfigurationIsVisible = 0;
			defaultConfigurationName = Release;
		};
/* End XCConfigurationList section */
	};
	rootObject = 6194AA392295164B00C4760B /* Project object */;
}
